
Microsoft Visual Studio Solution File, Format Version 12.00
# Visual Studio Version 17
VisualStudioVersion = 17.14.36119.2 d17.14
MinimumVisualStudioVersion = 10.0.40219.1
Project("{FAE04EC0-301F-11D3-BF4B-00C04F79EFBC}") = "Personal-Finance-System-BE", "Personal-Finance-System-BE\Personal-Finance-System-BE.csproj", "{82C252BC-E2E8-45CB-86D9-1549641D0365}"
EndProject
Global
	GlobalSection(SolutionConfigurationPlatforms) = preSolution
		Debug|Any CPU = Debug|Any CPU
		Release|Any CPU = Release|Any CPU
	EndGlobalSection
	GlobalSection(ProjectConfigurationPlatforms) = postSolution
		{82C252BC-E2E8-45CB-86D9-1549641D0365}.Debug|Any CPU.ActiveCfg = Debug|Any CPU
		{82C252BC-E2E8-45CB-86D9-1549641D0365}.Debug|Any CPU.Build.0 = Debug|Any CPU
		{82C252BC-E2E8-45CB-86D9-1549641D0365}.Release|Any CPU.ActiveCfg = Release|Any CPU
		{82C252BC-E2E8-45CB-86D9-1549641D0365}.Release|Any CPU.Build.0 = Release|Any CPU
	EndGlobalSection
	GlobalSection(SolutionProperties) = preSolution
		HideSolutionNode = FALSE
	EndGlobalSection
	GlobalSection(ExtensibilityGlobals) = postSolution
		SolutionGuid = {5C497DB3-C110-45F6-917D-66F266A10606}
	EndGlobalSection
EndGlobal
